
Microsoft Visual Studio Solution File, Format Version 12.00
# Visual Studio Version 17
VisualStudioVersion = 17.9.34728.123
MinimumVisualStudioVersion = 10.0.40219.1
Project("{8BC9CEB8-8B4A-11D0-8D11-00A0C91BC942}") = "SandBox", "SandBox\SandBox.vcxproj", "{471408F7-5EBB-4DF2-AFDC-00EC996E4C4B}"
EndProject
Project("{8BC9CEB8-8B4A-11D0-8D11-00A0C91BC942}") = "KenShin", "KenShin\KenShin.vcxproj", "{52B664DB-D21B-4E96-9496-C5234B8F9DBA}"
EndProject
Global
	GlobalSection(SolutionConfigurationPlatforms) = preSolution
		Debug|x64 = Debug|x64
		Debug|x86 = Debug|x86
		Release|x64 = Release|x64
		Release|x86 = Release|x86
	EndGlobalSection
	GlobalSection(ProjectConfigurationPlatforms) = postSolution
		{52B664DB-D21B-4E96-9496-C5234B8F9DBA}.Debug|x64.ActiveCfg = Debug|x64
		{52B664DB-D21B-4E96-9496-C5234B8F9DBA}.Debug|x64.Build.0 = Debug|x64
		{52B664DB-D21B-4E96-9496-C5234B8F9DBA}.Debug|x86.ActiveCfg = Debug|x64
		{52B664DB-D21B-4E96-9496-C5234B8F9DBA}.Release|x64.ActiveCfg = Release|x64
		{52B664DB-D21B-4E96-9496-C5234B8F9DBA}.Release|x64.Build.0 = Release|x64
		{52B664DB-D21B-4E96-9496-C5234B8F9DBA}.Release|x86.ActiveCfg = Release|x64
		{471408F7-5EBB-4DF2-AFDC-00EC996E4C4B}.Debug|x64.ActiveCfg = Debug|x64
		{471408F7-5EBB-4DF2-AFDC-00EC996E4C4B}.Debug|x64.Build.0 = Debug|x64
		{471408F7-5EBB-4DF2-AFDC-00EC996E4C4B}.Debug|x86.ActiveCfg = Debug|x64
		{471408F7-5EBB-4DF2-AFDC-00EC996E4C4B}.Release|x64.ActiveCfg = Release|x64
		{471408F7-5EBB-4DF2-AFDC-00EC996E4C4B}.Release|x64.Build.0 = Release|x64
		{471408F7-5EBB-4DF2-AFDC-00EC996E4C4B}.Release|x86.ActiveCfg = Release|x64
	EndGlobalSection
	GlobalSection(SolutionProperties) = preSolution
		HideSolutionNode = FALSE
	EndGlobalSection
	GlobalSection(ExtensibilityGlobals) = postSolution
		SolutionGuid = {B0AA1C85-34B5-4B78-8139-7B89703E2F6E}
	EndGlobalSection
EndGlobal
