<?xml version="1.0" encoding="utf-8"?>
<Project ToolsVersion="4.0" xmlns="http://schemas.microsoft.com/developer/msbuild/2003">
  <ItemGroup>
    <Filter Include="Kenshin">
      <UniqueIdentifier>{D5D0AF84-41B0-2E20-4AC8-B9F6B6269581}</UniqueIdentifier>
    </Filter>
  </ItemGroup>
  <ItemGroup>
    <ClInclude Include="src\Kenshin.h" />
    <ClInclude Include="src\Kenshin\Application.h">
      <Filter>Kenshin</Filter>
    </ClInclude>
    <ClInclude Include="src\Kenshin\Core.h">
      <Filter>Kenshin</Filter>
    </ClInclude>
    <ClInclude Include="src\Kenshin\EntityPoint.h">
      <Filter>Kenshin</Filter>
    </ClInclude>
    <ClInclude Include="src\Kenshin\Log.h">
      <Filter>Kenshin</Filter>
    </ClInclude>
    <ClInclude Include="src\Kenshin\Events\Event.h" />
    <ClInclude Include="src\Kenshin\Events\ApplicationEvent.h" />
    <ClInclude Include="src\Kenshin\Events\KeyEvent.h" />
    <ClInclude Include="src\Kenshin\KeyCodes.h" />
    <ClInclude Include="src\Kenshin\Events\MouseEvent.h" />
    <ClInclude Include="src\Kenshin\MouseCodes.h" />
  </ItemGroup>
  <ItemGroup>
    <ClCompile Include="src\Kenshin\Application.cpp">
      <Filter>Kenshin</Filter>
    </ClCompile>
    <ClCompile Include="src\Kenshin\Log.cpp">
      <Filter>Kenshin</Filter>
    </ClCompile>
  </ItemGroup>
</Project>