<?xml version="1.0" encoding="utf-8"?>
<Project ToolsVersion="4.0" xmlns="http://schemas.microsoft.com/developer/msbuild/2003">
  <ItemGroup>
    <Filter Include="panel">
      <UniqueIdentifier>{B5CA2010-21DF-48C1-EA60-EC20563445F2}</UniqueIdentifier>
    </Filter>
  </ItemGroup>
  <ItemGroup>
    <ClInclude Include="src\EditLayer.h" />
    <ClInclude Include="src\panel\ContentBrowserPanel.h">
      <Filter>panel</Filter>
    </ClInclude>
    <ClInclude Include="src\panel\SceneHierarchyPanel .h">
      <Filter>panel</Filter>
    </ClInclude>
  </ItemGroup>
  <ItemGroup>
    <ClCompile Include="src\EditLayer.cpp" />
    <ClCompile Include="src\KenshinEditor.cpp" />
    <ClCompile Include="src\panel\ContentBrowserPanel.cpp">
      <Filter>panel</Filter>
    </ClCompile>
    <ClCompile Include="src\panel\SceneHierarchyPanel.cpp">
      <Filter>panel</Filter>
    </ClCompile>
  </ItemGroup>
  <ItemGroup>
    <None Include="resource\shaders\renderer2D_circle.glsl" />
  </ItemGroup>
</Project>